
Microsoft Visual Studio Solution File, Format Version 12.00
# Visual Studio Version 17
VisualStudioVersion = 17.7.34202.233
MinimumVisualStudioVersion = 10.0.40219.1
Project("{FAE04EC0-301F-11D3-BF4B-00C04F79EFBC}") = "UIChallenge", "UIChallenge\UIChallenge.csproj", "{C7494050-AA13-4962-ABAE-F25C1C464D6C}"
EndProject
Global
	GlobalSection(SolutionConfigurationPlatforms) = preSolution
		Debug|Any CPU = Debug|Any CPU
		Release|Any CPU = Release|Any CPU
	EndGlobalSection
	GlobalSection(ProjectConfigurationPlatforms) = postSolution
		{C7494050-AA13-4962-ABAE-F25C1C464D6C}.Debug|Any CPU.ActiveCfg = Debug|Any CPU
		{C7494050-AA13-4962-ABAE-F25C1C464D6C}.Debug|Any CPU.Build.0 = Debug|Any CPU
		{C7494050-AA13-4962-ABAE-F25C1C464D6C}.Debug|Any CPU.Deploy.0 = Debug|Any CPU
		{C7494050-AA13-4962-ABAE-F25C1C464D6C}.Release|Any CPU.ActiveCfg = Release|Any CPU
		{C7494050-AA13-4962-ABAE-F25C1C464D6C}.Release|Any CPU.Build.0 = Release|Any CPU
		{C7494050-AA13-4962-ABAE-F25C1C464D6C}.Release|Any CPU.Deploy.0 = Release|Any CPU
	EndGlobalSection
	GlobalSection(SolutionProperties) = preSolution
		HideSolutionNode = FALSE
	EndGlobalSection
	GlobalSection(ExtensibilityGlobals) = postSolution
		SolutionGuid = {3306617E-D0DD-42EF-BA21-F6487052A967}
	EndGlobalSection
EndGlobal
